
Microsoft Visual Studio Solution File, Format Version 12.00
# Visual Studio Version 17
VisualStudioVersion = 17.4.33213.308
MinimumVisualStudioVersion = 10.0.40219.1
Project("{FAE04EC0-301F-11D3-BF4B-00C04F79EFBC}") = "passwords", "passwords\passwords.csproj", "{D0B36D82-DA06-4946-8E42-674640D7582D}"
EndProject
Global
	GlobalSection(SolutionConfigurationPlatforms) = preSolution
		Debug|Any CPU = Debug|Any CPU
		Release|Any CPU = Release|Any CPU
	EndGlobalSection
	GlobalSection(ProjectConfigurationPlatforms) = postSolution
		{D0B36D82-DA06-4946-8E42-674640D7582D}.Debug|Any CPU.ActiveCfg = Debug|Any CPU
		{D0B36D82-DA06-4946-8E42-674640D7582D}.Debug|Any CPU.Build.0 = Debug|Any CPU
		{D0B36D82-DA06-4946-8E42-674640D7582D}.Release|Any CPU.ActiveCfg = Release|Any CPU
		{D0B36D82-DA06-4946-8E42-674640D7582D}.Release|Any CPU.Build.0 = Release|Any CPU
	EndGlobalSection
	GlobalSection(SolutionProperties) = preSolution
		HideSolutionNode = FALSE
	EndGlobalSection
	GlobalSection(ExtensibilityGlobals) = postSolution
		SolutionGuid = {F0835184-0406-4C7E-AB81-E0401596EB86}
	EndGlobalSection
EndGlobal
